{
  "version": 4,
  "terraform_version": "1.0.0",
  "serial": 8,
  "lineage": "85348e16-cbf7-ad1d-818f-a43d75d1af06",
  "outputs": {},
  "resources": [
    {
      "module": "module.vsphere-linux-vm",
      "mode": "data",
      "type": "vsphere_datacenter",
      "name": "dc",
      "provider": "provider[\"registry.terraform.io/hashicorp/vsphere\"]",
      "instances": [
        {
          "schema_version": 0,
          "attributes": {
            "id": "datacenter-3",
            "name": "vxrail-datacenter"
          },
          "sensitive_attributes": []
        }
      ]
    },
    {
      "module": "module.vsphere-linux-vm",
      "mode": "data",
      "type": "vsphere_datastore",
      "name": "datastore",
      "provider": "provider[\"registry.terraform.io/hashicorp/vsphere\"]",
      "instances": [
        {
          "index_key": 0,
          "schema_version": 0,
          "attributes": {
            "datacenter_id": "datacenter-3",
            "id": "datastore-21",
            "name": "vxrail-datastore"
          },
          "sensitive_attributes": []
        }
      ]
    },
    {
      "module": "module.vsphere-linux-vm",
      "mode": "data",
      "type": "vsphere_datastore",
      "name": "disk_datastore",
      "provider": "provider[\"registry.terraform.io/hashicorp/vsphere\"]",
      "instances": []
    },
    {
      "module": "module.vsphere-linux-vm",
      "mode": "data",
      "type": "vsphere_datastore_cluster",
      "name": "datastore_cluster",
      "provider": "provider[\"registry.terraform.io/hashicorp/vsphere\"]",
      "instances": []
    },
    {
      "module": "module.vsphere-linux-vm",
      "mode": "data",
      "type": "vsphere_network",
      "name": "network",
      "provider": "provider[\"registry.terraform.io/hashicorp/vsphere\"]",
      "instances": [
        {
          "index_key": 0,
          "schema_version": 0,
          "attributes": {
            "datacenter_id": "datacenter-3",
            "distributed_virtual_switch_uuid": null,
            "id": "dvportgroup-57",
            "name": "server-net",
            "type": "DistributedVirtualPortgroup"
          },
          "sensitive_attributes": []
        }
      ]
    },
    {
      "module": "module.vsphere-linux-vm",
      "mode": "data",
      "type": "vsphere_resource_pool",
      "name": "pool",
      "provider": "provider[\"registry.terraform.io/hashicorp/vsphere\"]",
      "instances": [
        {
          "schema_version": 0,
          "attributes": {
            "datacenter_id": "datacenter-3",
            "id": "resgroup-5159",
            "name": "tf_demo"
          },
          "sensitive_attributes": []
        }
      ]
    },
    {
      "module": "module.vsphere-linux-vm",
      "mode": "data",
      "type": "vsphere_tag",
      "name": "tag",
      "provider": "provider[\"registry.terraform.io/hashicorp/vsphere\"]",
      "instances": []
    },
    {
      "module": "module.vsphere-linux-vm",
      "mode": "data",
      "type": "vsphere_virtual_machine",
      "name": "template",
      "provider": "provider[\"registry.terraform.io/hashicorp/vsphere\"]",
      "instances": [
        {
          "schema_version": 0,
          "attributes": {
            "alternate_guest_name": "",
            "annotation": "",
            "boot_delay": 0,
            "boot_retry_delay": 10000,
            "boot_retry_enabled": false,
            "change_version": "2021-06-23T13:52:27.333222Z",
            "cpu_hot_add_enabled": false,
            "cpu_hot_remove_enabled": false,
            "cpu_limit": -1,
            "cpu_performance_counters_enabled": false,
            "cpu_reservation": 0,
            "cpu_share_count": 2000,
            "cpu_share_level": "normal",
            "datacenter_id": "datacenter-3",
            "disks": [
              {
                "eagerly_scrub": false,
                "label": "Hard disk 1",
                "size": 40,
                "thin_provisioned": true,
                "unit_number": 0
              }
            ],
            "efi_secure_boot_enabled": false,
            "enable_disk_uuid": false,
            "enable_logging": true,
            "ept_rvi_mode": "automatic",
            "extra_config": {},
            "firmware": "bios",
            "guest_id": "ubuntu64Guest",
            "guest_ip_addresses": [],
            "hardware_version": 18,
            "hv_mode": "hvAuto",
            "id": "423ac13f-9248-b3f5-bb85-98f6ea17d23d",
            "ide_controller_scan_count": 2,
            "latency_sensitivity": "normal",
            "memory": 8192,
            "memory_hot_add_enabled": false,
            "memory_limit": -1,
            "memory_reservation": 0,
            "memory_share_count": 81920,
            "memory_share_level": "normal",
            "name": "ubuntu-jump-template",
            "nested_hv_enabled": false,
            "network_interface_types": [
              "vmxnet3"
            ],
            "network_interfaces": [
              {
                "adapter_type": "vmxnet3",
                "bandwidth_limit": -1,
                "bandwidth_reservation": 0,
                "bandwidth_share_count": 50,
                "bandwidth_share_level": "normal",
                "mac_address": "00:50:56:ba:ea:bb",
                "network_id": "dvportgroup-57"
              }
            ],
            "num_cores_per_socket": 1,
            "num_cpus": 2,
            "replace_trigger": null,
            "run_tools_scripts_after_power_on": true,
            "run_tools_scripts_after_resume": true,
            "run_tools_scripts_before_guest_reboot": false,
            "run_tools_scripts_before_guest_shutdown": true,
            "run_tools_scripts_before_guest_standby": true,
            "sata_controller_scan_count": 0,
            "scsi_bus_sharing": "noSharing",
            "scsi_controller_scan_count": 1,
            "scsi_type": "pvscsi",
            "storage_policy_id": null,
            "swap_placement_policy": "inherit",
            "sync_time_with_host": false,
            "uuid": "423ac13f-9248-b3f5-bb85-98f6ea17d23d",
            "vapp": null,
            "vapp_transport": [],
            "vbs_enabled": false,
            "vvtd_enabled": false
          },
          "sensitive_attributes": []
        }
      ]
    },
    {
      "module": "module.vsphere-linux-vm",
      "mode": "managed",
      "type": "vsphere_virtual_machine",
      "name": "vm",
      "provider": "provider[\"registry.terraform.io/hashicorp/vsphere\"]",
      "instances": [
        {
          "index_key": 0,
          "status": "tainted",
          "schema_version": 3,
          "attributes": {
            "alternate_guest_name": null,
            "annotation": null,
            "boot_delay": null,
            "boot_retry_delay": 10000,
            "boot_retry_enabled": null,
            "cdrom": [],
            "change_version": null,
            "clone": [
              {
                "customize": [
                  {
                    "dns_server_list": null,
                    "dns_suffix_list": null,
                    "ipv4_gateway": "192.9.0.1",
                    "ipv6_gateway": "",
                    "linux_options": [
                      {
                        "domain": "Development.com",
                        "host_name": "dIaC-vm01",
                        "hw_clock_utc": true,
                        "time_zone": ""
                      }
                    ],
                    "network_interface": [
                      {
                        "dns_domain": "",
                        "dns_server_list": null,
                        "ipv4_address": "192.9.11.17",
                        "ipv4_netmask": 24,
                        "ipv6_address": "",
                        "ipv6_netmask": 0
                      }
                    ],
                    "timeout": 10,
                    "windows_options": [],
                    "windows_sysprep_text": ""
                  }
                ],
                "linked_clone": false,
                "ovf_network_map": null,
                "ovf_storage_map": null,
                "template_uuid": "423ac13f-9248-b3f5-bb85-98f6ea17d23d",
                "timeout": 30
              }
            ],
            "cpu_hot_add_enabled": null,
            "cpu_hot_remove_enabled": null,
            "cpu_limit": -1,
            "cpu_performance_counters_enabled": null,
            "cpu_reservation": null,
            "cpu_share_count": null,
            "cpu_share_level": "normal",
            "custom_attributes": null,
            "datacenter_id": null,
            "datastore_cluster_id": null,
            "datastore_id": "datastore-21",
            "default_ip_address": null,
            "disk": [
              {
                "attach": false,
                "controller_type": "scsi",
                "datastore_id": "datastore-21",
                "device_address": "scsi:0:0",
                "disk_mode": "persistent",
                "disk_sharing": "sharingNone",
                "eagerly_scrub": false,
                "io_limit": -1,
                "io_reservation": 0,
                "io_share_count": 1000,
                "io_share_level": "normal",
                "keep_on_remove": false,
                "key": 2000,
                "label": "disk0",
                "path": "7f3ed360-5c83-f628-b09a-509a4c9d0448/dIaC-vm01_2.vmdk",
                "size": 40,
                "storage_policy_id": "",
                "thin_provisioned": true,
                "unit_number": 0,
                "uuid": "6000C29d-f48d-7d7a-3c16-8c9d1af156e1",
                "write_through": false
              }
            ],
            "efi_secure_boot_enabled": false,
            "enable_disk_uuid": null,
            "enable_logging": false,
            "ept_rvi_mode": "automatic",
            "extra_config": null,
            "firmware": "bios",
            "folder": null,
            "force_power_off": true,
            "guest_id": "ubuntu64Guest",
            "guest_ip_addresses": null,
            "hardware_version": null,
            "host_system_id": null,
            "hv_mode": "hvAuto",
            "id": "423a09f4-aafc-7657-1ccd-231ae1601b10",
            "ide_controller_count": 2,
            "ignored_guest_ips": [],
            "imported": null,
            "latency_sensitivity": "normal",
            "memory": 4096,
            "memory_hot_add_enabled": null,
            "memory_limit": -1,
            "memory_reservation": null,
            "memory_share_count": null,
            "memory_share_level": "normal",
            "migrate_wait_timeout": 30,
            "moid": null,
            "name": "dIaC-vm01",
            "nested_hv_enabled": null,
            "network_interface": [
              {
                "adapter_type": "vmxnet3",
                "bandwidth_limit": -1,
                "bandwidth_reservation": 0,
                "bandwidth_share_count": 0,
                "bandwidth_share_level": "normal",
                "device_address": "pci:0:7",
                "key": 4000,
                "mac_address": "",
                "network_id": "dvportgroup-57",
                "ovf_mapping": "",
                "use_static_mac": false
              }
            ],
            "num_cores_per_socket": 1,
            "num_cpus": 2,
            "ovf_deploy": [],
            "pci_device_id": null,
            "poweron_timeout": 300,
            "reboot_required": true,
            "replace_trigger": null,
            "resource_pool_id": "resgroup-5159",
            "run_tools_scripts_after_power_on": true,
            "run_tools_scripts_after_resume": true,
            "run_tools_scripts_before_guest_reboot": null,
            "run_tools_scripts_before_guest_shutdown": true,
            "run_tools_scripts_before_guest_standby": true,
            "sata_controller_count": 0,
            "scsi_bus_sharing": "noSharing",
            "scsi_controller_count": 1,
            "scsi_type": "pvscsi",
            "shutdown_wait_timeout": 3,
            "storage_policy_id": null,
            "swap_placement_policy": "inherit",
            "sync_time_with_host": null,
            "tags": null,
            "uuid": null,
            "vapp": [],
            "vapp_transport": null,
            "vbs_enabled": null,
            "vmware_tools_status": null,
            "vmx_path": null,
            "vvtd_enabled": null,
            "wait_for_guest_ip_timeout": 0,
            "wait_for_guest_net_routable": true,
            "wait_for_guest_net_timeout": 5
          },
          "sensitive_attributes": [],
          "private": "eyJzY2hlbWFfdmVyc2lvbiI6IjMifQ==",
          "dependencies": [
            "module.vsphere-linux-vm.data.vsphere_datastore.datastore",
            "module.vsphere-linux-vm.data.vsphere_datastore.disk_datastore",
            "module.vsphere-linux-vm.data.vsphere_datastore_cluster.datastore_cluster",
            "module.vsphere-linux-vm.data.vsphere_network.network",
            "module.vsphere-linux-vm.data.vsphere_resource_pool.pool",
            "module.vsphere-linux-vm.data.vsphere_tag.tag",
            "module.vsphere-linux-vm.data.vsphere_virtual_machine.template"
          ]
        },
        {
          "index_key": 1,
          "status": "tainted",
          "schema_version": 3,
          "attributes": {
            "alternate_guest_name": null,
            "annotation": null,
            "boot_delay": null,
            "boot_retry_delay": 10000,
            "boot_retry_enabled": null,
            "cdrom": [],
            "change_version": null,
            "clone": [
              {
                "customize": [
                  {
                    "dns_server_list": null,
                    "dns_suffix_list": null,
                    "ipv4_gateway": "192.9.0.1",
                    "ipv6_gateway": "",
                    "linux_options": [
                      {
                        "domain": "Development.com",
                        "host_name": "dIaC-vm02",
                        "hw_clock_utc": true,
                        "time_zone": ""
                      }
                    ],
                    "network_interface": [
                      {
                        "dns_domain": "",
                        "dns_server_list": null,
                        "ipv4_address": "192.9.11.18",
                        "ipv4_netmask": 24,
                        "ipv6_address": "",
                        "ipv6_netmask": 0
                      }
                    ],
                    "timeout": 10,
                    "windows_options": [],
                    "windows_sysprep_text": ""
                  }
                ],
                "linked_clone": false,
                "ovf_network_map": null,
                "ovf_storage_map": null,
                "template_uuid": "423ac13f-9248-b3f5-bb85-98f6ea17d23d",
                "timeout": 30
              }
            ],
            "cpu_hot_add_enabled": null,
            "cpu_hot_remove_enabled": null,
            "cpu_limit": -1,
            "cpu_performance_counters_enabled": null,
            "cpu_reservation": null,
            "cpu_share_count": null,
            "cpu_share_level": "normal",
            "custom_attributes": null,
            "datacenter_id": null,
            "datastore_cluster_id": null,
            "datastore_id": "datastore-21",
            "default_ip_address": null,
            "disk": [
              {
                "attach": false,
                "controller_type": "scsi",
                "datastore_id": "datastore-21",
                "device_address": "scsi:0:0",
                "disk_mode": "persistent",
                "disk_sharing": "sharingNone",
                "eagerly_scrub": false,
                "io_limit": -1,
                "io_reservation": 0,
                "io_share_count": 1000,
                "io_share_level": "normal",
                "keep_on_remove": false,
                "key": 2000,
                "label": "disk0",
                "path": "7c3ed360-74a4-0b63-abc9-509a4c9d065a/dIaC-vm02_2.vmdk",
                "size": 40,
                "storage_policy_id": "",
                "thin_provisioned": true,
                "unit_number": 0,
                "uuid": "6000C29b-5797-f24a-bb6a-ff3f8de392a4",
                "write_through": false
              }
            ],
            "efi_secure_boot_enabled": false,
            "enable_disk_uuid": null,
            "enable_logging": false,
            "ept_rvi_mode": "automatic",
            "extra_config": null,
            "firmware": "bios",
            "folder": null,
            "force_power_off": true,
            "guest_id": "ubuntu64Guest",
            "guest_ip_addresses": null,
            "hardware_version": null,
            "host_system_id": null,
            "hv_mode": "hvAuto",
            "id": "423a15ab-7624-0190-7bd4-ccbcf3775d90",
            "ide_controller_count": 2,
            "ignored_guest_ips": [],
            "imported": null,
            "latency_sensitivity": "normal",
            "memory": 4096,
            "memory_hot_add_enabled": null,
            "memory_limit": -1,
            "memory_reservation": null,
            "memory_share_count": null,
            "memory_share_level": "normal",
            "migrate_wait_timeout": 30,
            "moid": null,
            "name": "dIaC-vm02",
            "nested_hv_enabled": null,
            "network_interface": [
              {
                "adapter_type": "vmxnet3",
                "bandwidth_limit": -1,
                "bandwidth_reservation": 0,
                "bandwidth_share_count": 0,
                "bandwidth_share_level": "normal",
                "device_address": "pci:0:7",
                "key": 4000,
                "mac_address": "",
                "network_id": "dvportgroup-57",
                "ovf_mapping": "",
                "use_static_mac": false
              }
            ],
            "num_cores_per_socket": 1,
            "num_cpus": 2,
            "ovf_deploy": [],
            "pci_device_id": null,
            "poweron_timeout": 300,
            "reboot_required": true,
            "replace_trigger": null,
            "resource_pool_id": "resgroup-5159",
            "run_tools_scripts_after_power_on": true,
            "run_tools_scripts_after_resume": true,
            "run_tools_scripts_before_guest_reboot": null,
            "run_tools_scripts_before_guest_shutdown": true,
            "run_tools_scripts_before_guest_standby": true,
            "sata_controller_count": 0,
            "scsi_bus_sharing": "noSharing",
            "scsi_controller_count": 1,
            "scsi_type": "pvscsi",
            "shutdown_wait_timeout": 3,
            "storage_policy_id": null,
            "swap_placement_policy": "inherit",
            "sync_time_with_host": null,
            "tags": null,
            "uuid": null,
            "vapp": [],
            "vapp_transport": null,
            "vbs_enabled": null,
            "vmware_tools_status": null,
            "vmx_path": null,
            "vvtd_enabled": null,
            "wait_for_guest_ip_timeout": 0,
            "wait_for_guest_net_routable": true,
            "wait_for_guest_net_timeout": 5
          },
          "sensitive_attributes": [],
          "private": "eyJzY2hlbWFfdmVyc2lvbiI6IjMifQ==",
          "dependencies": [
            "module.vsphere-linux-vm.data.vsphere_datastore.datastore",
            "module.vsphere-linux-vm.data.vsphere_datastore.disk_datastore",
            "module.vsphere-linux-vm.data.vsphere_datastore_cluster.datastore_cluster",
            "module.vsphere-linux-vm.data.vsphere_network.network",
            "module.vsphere-linux-vm.data.vsphere_resource_pool.pool",
            "module.vsphere-linux-vm.data.vsphere_tag.tag",
            "module.vsphere-linux-vm.data.vsphere_virtual_machine.template"
          ]
        }
      ]
    }
  ]
}
